
Microsoft Visual Studio Solution File, Format Version 12.00
# Visual Studio Version 17
VisualStudioVersion = 17.13.35818.85 d17.13
MinimumVisualStudioVersion = 10.0.40219.1
Project("{FAE04EC0-301F-11D3-BF4B-00C04F79EFBC}") = "SalesWebApp", "SalesWebApp\SalesWebApp.csproj", "{65AB6AC6-315B-4FFD-9BB1-DAD5D2CC7DBB}"
EndProject
Global
	GlobalSection(SolutionConfigurationPlatforms) = preSolution
		Debug|Any CPU = Debug|Any CPU
		Release|Any CPU = Release|Any CPU
	EndGlobalSection
	GlobalSection(ProjectConfigurationPlatforms) = postSolution
		{65AB6AC6-315B-4FFD-9BB1-DAD5D2CC7DBB}.Debug|Any CPU.ActiveCfg = Debug|Any CPU
		{65AB6AC6-315B-4FFD-9BB1-DAD5D2CC7DBB}.Debug|Any CPU.Build.0 = Debug|Any CPU
		{65AB6AC6-315B-4FFD-9BB1-DAD5D2CC7DBB}.Release|Any CPU.ActiveCfg = Release|Any CPU
		{65AB6AC6-315B-4FFD-9BB1-DAD5D2CC7DBB}.Release|Any CPU.Build.0 = Release|Any CPU
	EndGlobalSection
	GlobalSection(SolutionProperties) = preSolution
		HideSolutionNode = FALSE
	EndGlobalSection
	GlobalSection(ExtensibilityGlobals) = postSolution
		SolutionGuid = {EB151D73-0C77-4424-8493-EAEACF43A1C5}
	EndGlobalSection
EndGlobal
